
Microsoft Visual Studio Solution File, Format Version 12.00
# Visual Studio Version 17
VisualStudioVersion = 17.3.32804.467
MinimumVisualStudioVersion = 10.0.40219.1
Project("{FAE04EC0-301F-11D3-BF4B-00C04F79EFBC}") = "SampleApp", "SampleApp.csproj", "{595F2DD4-6E7D-4000-A4B4-CBB33DEB132D}"
EndProject
Global
	GlobalSection(SolutionConfigurationPlatforms) = preSolution
		Debug|Any CPU = Debug|Any CPU
		Release|Any CPU = Release|Any CPU
	EndGlobalSection
	GlobalSection(ProjectConfigurationPlatforms) = postSolution
		{595F2DD4-6E7D-4000-A4B4-CBB33DEB132D}.Debug|Any CPU.ActiveCfg = Debug|Any CPU
		{595F2DD4-6E7D-4000-A4B4-CBB33DEB132D}.Debug|Any CPU.Build.0 = Debug|Any CPU
		{595F2DD4-6E7D-4000-A4B4-CBB33DEB132D}.Release|Any CPU.ActiveCfg = Release|Any CPU
		{595F2DD4-6E7D-4000-A4B4-CBB33DEB132D}.Release|Any CPU.Build.0 = Release|Any CPU
	EndGlobalSection
	GlobalSection(SolutionProperties) = preSolution
		HideSolutionNode = FALSE
	EndGlobalSection
	GlobalSection(ExtensibilityGlobals) = postSolution
		SolutionGuid = {69D850BE-64CF-4196-91C5-40CE12FD5D46}
	EndGlobalSection
EndGlobal
